// !$*UTF8*$!
{
	archiveVersion = 1;
	classes = {
	};
	objectVersion = 56;
	objects = {

/* Begin PBXBuildFile section */
		387B9D852AB60FAB002777DA /* Executor.swift in Sources */ = {isa = PBXBuildFile; fileRef = 387B9D842AB60FAB002777DA /* Executor.swift */; };
		387B9D872AB610DF002777DA /* LogView.swift in Sources */ = {isa = PBXBuildFile; fileRef = 387B9D862AB610DF002777DA /* LogView.swift */; };
		38861CEE2AAD679A005DD3B4 /* ListColorProfiles.swift in Sources */ = {isa = PBXBuildFile; fileRef = 38861CED2AAD679A005DD3B4 /* ListColorProfiles.swift */; };
		38861CF22AADCC4B005DD3B4 /* InternalKit.swift in Sources */ = {isa = PBXBuildFile; fileRef = 38861CF12AADCC4B005DD3B4 /* InternalKit.swift */; };
		38861CF42AADD1E7005DD3B4 /* GetImageMetadata.swift in Sources */ = {isa = PBXBuildFile; fileRef = 38861CF32AADD1E7005DD3B4 /* GetImageMetadata.swift */; };
		38F63CA72AAE130C003D7156 /* Compressor.swift in Sources */ = {isa = PBXBuildFile; fileRef = 38F63CA62AAE130C003D7156 /* Compressor.swift */; };
		38F63CAD2AAE1A6B003D7156 /* avifenc in Resources */ = {isa = PBXBuildFile; fileRef = 38F63CAA2AAE1A53003D7156 /* avifenc */; };
		38F893202AAD544D008414D9 /* PhotosProcessorApp.swift in Sources */ = {isa = PBXBuildFile; fileRef = 38F8931F2AAD544D008414D9 /* PhotosProcessorApp.swift */; };
		38F893222AAD544D008414D9 /* ContentView.swift in Sources */ = {isa = PBXBuildFile; fileRef = 38F893212AAD544D008414D9 /* ContentView.swift */; };
		38F893242AAD544E008414D9 /* Assets.xcassets in Resources */ = {isa = PBXBuildFile; fileRef = 38F893232AAD544E008414D9 /* Assets.xcassets */; };
		38F893282AAD544E008414D9 /* Preview Assets.xcassets in Resources */ = {isa = PBXBuildFile; fileRef = 38F893272AAD544E008414D9 /* Preview Assets.xcassets */; };
		38F893302AAD5476008414D9 /* CompressImageView.swift in Sources */ = {isa = PBXBuildFile; fileRef = 38F8932F2AAD5476008414D9 /* CompressImageView.swift */; };
		38F893322AAD54A5008414D9 /* ModifyMetadataView.swift in Sources */ = {isa = PBXBuildFile; fileRef = 38F893312AAD54A5008414D9 /* ModifyMetadataView.swift */; };
		38F893342AAD5701008414D9 /* Constants.swift in Sources */ = {isa = PBXBuildFile; fileRef = 38F893332AAD5701008414D9 /* Constants.swift */; };
		38F893362AAD5723008414D9 /* SidebarView.swift in Sources */ = {isa = PBXBuildFile; fileRef = 38F893352AAD5723008414D9 /* SidebarView.swift */; };
		38F893382AAD5750008414D9 /* WelcomeView.swift in Sources */ = {isa = PBXBuildFile; fileRef = 38F893372AAD5750008414D9 /* WelcomeView.swift */; };
/* End PBXBuildFile section */

/* Begin PBXFileReference section */
		387B9D842AB60FAB002777DA /* Executor.swift */ = {isa = PBXFileReference; fileEncoding = 4; lastKnownFileType = sourcecode.swift; path = Executor.swift; sourceTree = "<group>"; };
		387B9D862AB610DF002777DA /* LogView.swift */ = {isa = PBXFileReference; lastKnownFileType = sourcecode.swift; path = LogView.swift; sourceTree = "<group>"; };
		38861CED2AAD679A005DD3B4 /* ListColorProfiles.swift */ = {isa = PBXFileReference; lastKnownFileType = sourcecode.swift; path = ListColorProfiles.swift; sourceTree = "<group>"; };
		38861CEF2AAD7796005DD3B4 /* README.md */ = {isa = PBXFileReference; lastKnownFileType = net.daringfireball.markdown; path = README.md; sourceTree = "<group>"; };
		38861CF12AADCC4B005DD3B4 /* InternalKit.swift */ = {isa = PBXFileReference; lastKnownFileType = sourcecode.swift; path = InternalKit.swift; sourceTree = "<group>"; };
		38861CF32AADD1E7005DD3B4 /* GetImageMetadata.swift */ = {isa = PBXFileReference; lastKnownFileType = sourcecode.swift; path = GetImageMetadata.swift; sourceTree = "<group>"; };
		38F63CA62AAE130C003D7156 /* Compressor.swift */ = {isa = PBXFileReference; lastKnownFileType = sourcecode.swift; path = Compressor.swift; sourceTree = "<group>"; };
		38F63CAA2AAE1A53003D7156 /* avifenc */ = {isa = PBXFileReference; lastKnownFileType = "compiled.mach-o.executable"; path = avifenc; sourceTree = "<group>"; };
		38F8931C2AAD544D008414D9 /* PhotosProcessor.app */ = {isa = PBXFileReference; explicitFileType = wrapper.application; includeInIndex = 0; path = PhotosProcessor.app; sourceTree = BUILT_PRODUCTS_DIR; };
		38F8931F2AAD544D008414D9 /* PhotosProcessorApp.swift */ = {isa = PBXFileReference; lastKnownFileType = sourcecode.swift; path = PhotosProcessorApp.swift; sourceTree = "<group>"; };
		38F893212AAD544D008414D9 /* ContentView.swift */ = {isa = PBXFileReference; lastKnownFileType = sourcecode.swift; path = ContentView.swift; sourceTree = "<group>"; };
		38F893232AAD544E008414D9 /* Assets.xcassets */ = {isa = PBXFileReference; lastKnownFileType = folder.assetcatalog; path = Assets.xcassets; sourceTree = "<group>"; };
		38F893252AAD544E008414D9 /* PhotosProcessor.entitlements */ = {isa = PBXFileReference; lastKnownFileType = text.plist.entitlements; path = PhotosProcessor.entitlements; sourceTree = "<group>"; };
		38F893272AAD544E008414D9 /* Preview Assets.xcassets */ = {isa = PBXFileReference; lastKnownFileType = folder.assetcatalog; path = "Preview Assets.xcassets"; sourceTree = "<group>"; };
		38F8932F2AAD5476008414D9 /* CompressImageView.swift */ = {isa = PBXFileReference; lastKnownFileType = sourcecode.swift; path = CompressImageView.swift; sourceTree = "<group>"; };
		38F893312AAD54A5008414D9 /* ModifyMetadataView.swift */ = {isa = PBXFileReference; lastKnownFileType = sourcecode.swift; path = ModifyMetadataView.swift; sourceTree = "<group>"; };
		38F893332AAD5701008414D9 /* Constants.swift */ = {isa = PBXFileReference; lastKnownFileType = sourcecode.swift; path = Constants.swift; sourceTree = "<group>"; };
		38F893352AAD5723008414D9 /* SidebarView.swift */ = {isa = PBXFileReference; lastKnownFileType = sourcecode.swift; path = SidebarView.swift; sourceTree = "<group>"; };
		38F893372AAD5750008414D9 /* WelcomeView.swift */ = {isa = PBXFileReference; lastKnownFileType = sourcecode.swift; path = WelcomeView.swift; sourceTree = "<group>"; };
/* End PBXFileReference section */

/* Begin PBXFrameworksBuildPhase section */
		38F893192AAD544D008414D9 /* Frameworks */ = {
			isa = PBXFrameworksBuildPhase;
			buildActionMask = 2147483647;
			files = (
			);
			runOnlyForDeploymentPostprocessing = 0;
		};
/* End PBXFrameworksBuildPhase section */

/* Begin PBXGroup section */
		387B9D832AB60B31002777DA /* Backend */ = {
			isa = PBXGroup;
			children = (
				38F63CA62AAE130C003D7156 /* Compressor.swift */,
				387B9D842AB60FAB002777DA /* Executor.swift */,
			);
			path = Backend;
			sourceTree = "<group>";
		};
		38861CEB2AAD589C005DD3B4 /* App */ = {
			isa = PBXGroup;
			children = (
				38F8931F2AAD544D008414D9 /* PhotosProcessorApp.swift */,
				38F893332AAD5701008414D9 /* Constants.swift */,
			);
			path = App;
			sourceTree = "<group>";
		};
		38861CEC2AAD678A005DD3B4 /* Utils */ = {
			isa = PBXGroup;
			children = (
				38861CED2AAD679A005DD3B4 /* ListColorProfiles.swift */,
				38861CF32AADD1E7005DD3B4 /* GetImageMetadata.swift */,
			);
			path = Utils;
			sourceTree = "<group>";
		};
		38861CF02AADCC40005DD3B4 /* Extensions */ = {
			isa = PBXGroup;
			children = (
				38861CF12AADCC4B005DD3B4 /* InternalKit.swift */,
			);
			path = Extensions;
			sourceTree = "<group>";
		};
		38F63CAC2AAE1A61003D7156 /* bin */ = {
			isa = PBXGroup;
			children = (
				38F63CAA2AAE1A53003D7156 /* avifenc */,
			);
			path = bin;
			sourceTree = "<group>";
		};
		38F893132AAD544D008414D9 = {
			isa = PBXGroup;
			children = (
				38F63CAC2AAE1A61003D7156 /* bin */,
				38861CEF2AAD7796005DD3B4 /* README.md */,
				38F8931E2AAD544D008414D9 /* PhotosProcessor */,
				38F8931D2AAD544D008414D9 /* Products */,
			);
			sourceTree = "<group>";
		};
		38F8931D2AAD544D008414D9 /* Products */ = {
			isa = PBXGroup;
			children = (
				38F8931C2AAD544D008414D9 /* PhotosProcessor.app */,
			);
			name = Products;
			sourceTree = "<group>";
		};
		38F8931E2AAD544D008414D9 /* PhotosProcessor */ = {
			isa = PBXGroup;
			children = (
				387B9D832AB60B31002777DA /* Backend */,
				38861CF02AADCC40005DD3B4 /* Extensions */,
				38861CEC2AAD678A005DD3B4 /* Utils */,
				38861CEB2AAD589C005DD3B4 /* App */,
				38F8932E2AAD5464008414D9 /* Views */,
				38F893232AAD544E008414D9 /* Assets.xcassets */,
				38F893252AAD544E008414D9 /* PhotosProcessor.entitlements */,
				38F893262AAD544E008414D9 /* Preview Content */,
			);
			path = PhotosProcessor;
			sourceTree = "<group>";
		};
		38F893262AAD544E008414D9 /* Preview Content */ = {
			isa = PBXGroup;
			children = (
				38F893272AAD544E008414D9 /* Preview Assets.xcassets */,
			);
			path = "Preview Content";
			sourceTree = "<group>";
		};
		38F8932E2AAD5464008414D9 /* Views */ = {
			isa = PBXGroup;
			children = (
				38F893212AAD544D008414D9 /* ContentView.swift */,
				38F8932F2AAD5476008414D9 /* CompressImageView.swift */,
				38F893312AAD54A5008414D9 /* ModifyMetadataView.swift */,
				38F893352AAD5723008414D9 /* SidebarView.swift */,
				38F893372AAD5750008414D9 /* WelcomeView.swift */,
				387B9D862AB610DF002777DA /* LogView.swift */,
			);
			path = Views;
			sourceTree = "<group>";
		};
/* End PBXGroup section */

/* Begin PBXNativeTarget section */
		38F8931B2AAD544D008414D9 /* PhotosProcessor */ = {
			isa = PBXNativeTarget;
			buildConfigurationList = 38F8932B2AAD544E008414D9 /* Build configuration list for PBXNativeTarget "PhotosProcessor" */;
			buildPhases = (
				38F893182AAD544D008414D9 /* Sources */,
				38F893192AAD544D008414D9 /* Frameworks */,
				38F8931A2AAD544D008414D9 /* Resources */,
			);
			buildRules = (
			);
			dependencies = (
			);
			name = PhotosProcessor;
			productName = PhotosProcessor;
			productReference = 38F8931C2AAD544D008414D9 /* PhotosProcessor.app */;
			productType = "com.apple.product-type.application";
		};
/* End PBXNativeTarget section */

/* Begin PBXProject section */
		38F893142AAD544D008414D9 /* Project object */ = {
			isa = PBXProject;
			attributes = {
				BuildIndependentTargetsInParallel = 1;
				LastSwiftUpdateCheck = 1500;
				LastUpgradeCheck = 1500;
				TargetAttributes = {
					38F8931B2AAD544D008414D9 = {
						CreatedOnToolsVersion = 15.0;
					};
				};
			};
			buildConfigurationList = 38F893172AAD544D008414D9 /* Build configuration list for PBXProject "PhotosProcessor" */;
			compatibilityVersion = "Xcode 14.0";
			developmentRegion = en;
			hasScannedForEncodings = 0;
			knownRegions = (
				en,
				Base,
			);
			mainGroup = 38F893132AAD544D008414D9;
			productRefGroup = 38F8931D2AAD544D008414D9 /* Products */;
			projectDirPath = "";
			projectRoot = "";
			targets = (
				38F8931B2AAD544D008414D9 /* PhotosProcessor */,
			);
		};
/* End PBXProject section */

/* Begin PBXResourcesBuildPhase section */
		38F8931A2AAD544D008414D9 /* Resources */ = {
			isa = PBXResourcesBuildPhase;
			buildActionMask = 2147483647;
			files = (
				38F63CAD2AAE1A6B003D7156 /* avifenc in Resources */,
				38F893282AAD544E008414D9 /* Preview Assets.xcassets in Resources */,
				38F893242AAD544E008414D9 /* Assets.xcassets in Resources */,
			);
			runOnlyForDeploymentPostprocessing = 0;
		};
/* End PBXResourcesBuildPhase section */

/* Begin PBXSourcesBuildPhase section */
		38F893182AAD544D008414D9 /* Sources */ = {
			isa = PBXSourcesBuildPhase;
			buildActionMask = 2147483647;
			files = (
				38F893342AAD5701008414D9 /* Constants.swift in Sources */,
				38861CEE2AAD679A005DD3B4 /* ListColorProfiles.swift in Sources */,
				38F63CA72AAE130C003D7156 /* Compressor.swift in Sources */,
				38F893222AAD544D008414D9 /* ContentView.swift in Sources */,
				38F893302AAD5476008414D9 /* CompressImageView.swift in Sources */,
				38F893202AAD544D008414D9 /* PhotosProcessorApp.swift in Sources */,
				38861CF22AADCC4B005DD3B4 /* InternalKit.swift in Sources */,
				38F893322AAD54A5008414D9 /* ModifyMetadataView.swift in Sources */,
				38861CF42AADD1E7005DD3B4 /* GetImageMetadata.swift in Sources */,
				387B9D852AB60FAB002777DA /* Executor.swift in Sources */,
				38F893362AAD5723008414D9 /* SidebarView.swift in Sources */,
				38F893382AAD5750008414D9 /* WelcomeView.swift in Sources */,
				387B9D872AB610DF002777DA /* LogView.swift in Sources */,
			);
			runOnlyForDeploymentPostprocessing = 0;
		};
/* End PBXSourcesBuildPhase section */

/* Begin XCBuildConfiguration section */
		38F893292AAD544E008414D9 /* Debug */ = {
			isa = XCBuildConfiguration;
			buildSettings = {
				ALWAYS_SEARCH_USER_PATHS = NO;
				ASSETCATALOG_COMPILER_GENERATE_SWIFT_ASSET_SYMBOL_EXTENSIONS = YES;
				CLANG_ANALYZER_NONNULL = YES;
				CLANG_ANALYZER_NUMBER_OBJECT_CONVERSION = YES_AGGRESSIVE;
				CLANG_CXX_LANGUAGE_STANDARD = "gnu++20";
				CLANG_ENABLE_MODULES = YES;
				CLANG_ENABLE_OBJC_ARC = YES;
				CLANG_ENABLE_OBJC_WEAK = YES;
				CLANG_WARN_BLOCK_CAPTURE_AUTORELEASING = YES;
				CLANG_WARN_BOOL_CONVERSION = YES;
				CLANG_WARN_COMMA = YES;
				CLANG_WARN_CONSTANT_CONVERSION = YES;
				CLANG_WARN_DEPRECATED_OBJC_IMPLEMENTATIONS = YES;
				CLANG_WARN_DIRECT_OBJC_ISA_USAGE = YES_ERROR;
				CLANG_WARN_DOCUMENTATION_COMMENTS = YES;
				CLANG_WARN_EMPTY_BODY = YES;
				CLANG_WARN_ENUM_CONVERSION = YES;
				CLANG_WARN_INFINITE_RECURSION = YES;
				CLANG_WARN_INT_CONVERSION = YES;
				CLANG_WARN_NON_LITERAL_NULL_CONVERSION = YES;
				CLANG_WARN_OBJC_IMPLICIT_RETAIN_SELF = YES;
				CLANG_WARN_OBJC_LITERAL_CONVERSION = YES;
				CLANG_WARN_OBJC_ROOT_CLASS = YES_ERROR;
				CLANG_WARN_QUOTED_INCLUDE_IN_FRAMEWORK_HEADER = YES;
				CLANG_WARN_RANGE_LOOP_ANALYSIS = YES;
				CLANG_WARN_STRICT_PROTOTYPES = YES;
				CLANG_WARN_SUSPICIOUS_MOVE = YES;
				CLANG_WARN_UNGUARDED_AVAILABILITY = YES_AGGRESSIVE;
				CLANG_WARN_UNREACHABLE_CODE = YES;
				CLANG_WARN__DUPLICATE_METHOD_MATCH = YES;
				COPY_PHASE_STRIP = NO;
				DEAD_CODE_STRIPPING = YES;
				DEBUG_INFORMATION_FORMAT = dwarf;
				ENABLE_STRICT_OBJC_MSGSEND = YES;
				ENABLE_TESTABILITY = YES;
				ENABLE_USER_SCRIPT_SANDBOXING = YES;
				GCC_C_LANGUAGE_STANDARD = gnu17;
				GCC_DYNAMIC_NO_PIC = NO;
				GCC_NO_COMMON_BLOCKS = YES;
				GCC_OPTIMIZATION_LEVEL = 0;
				GCC_PREPROCESSOR_DEFINITIONS = (
					"DEBUG=1",
					"$(inherited)",
				);
				GCC_WARN_64_TO_32_BIT_CONVERSION = YES;
				GCC_WARN_ABOUT_RETURN_TYPE = YES_ERROR;
				GCC_WARN_UNDECLARED_SELECTOR = YES;
				GCC_WARN_UNINITIALIZED_AUTOS = YES_AGGRESSIVE;
				GCC_WARN_UNUSED_FUNCTION = YES;
				GCC_WARN_UNUSED_VARIABLE = YES;
				LOCALIZATION_PREFERS_STRING_CATALOGS = YES;
				MTL_ENABLE_DEBUG_INFO = INCLUDE_SOURCE;
				MTL_FAST_MATH = YES;
				ONLY_ACTIVE_ARCH = YES;
				SWIFT_ACTIVE_COMPILATION_CONDITIONS = "DEBUG $(inherited)";
				SWIFT_OPTIMIZATION_LEVEL = "-Onone";
			};
			name = Debug;
		};
		38F8932A2AAD544E008414D9 /* Release */ = {
			isa = XCBuildConfiguration;
			buildSettings = {
				ALWAYS_SEARCH_USER_PATHS = NO;
				ASSETCATALOG_COMPILER_GENERATE_SWIFT_ASSET_SYMBOL_EXTENSIONS = YES;
				CLANG_ANALYZER_NONNULL = YES;
				CLANG_ANALYZER_NUMBER_OBJECT_CONVERSION = YES_AGGRESSIVE;
				CLANG_CXX_LANGUAGE_STANDARD = "gnu++20";
				CLANG_ENABLE_MODULES = YES;
				CLANG_ENABLE_OBJC_ARC = YES;
				CLANG_ENABLE_OBJC_WEAK = YES;
				CLANG_WARN_BLOCK_CAPTURE_AUTORELEASING = YES;
				CLANG_WARN_BOOL_CONVERSION = YES;
				CLANG_WARN_COMMA = YES;
				CLANG_WARN_CONSTANT_CONVERSION = YES;
				CLANG_WARN_DEPRECATED_OBJC_IMPLEMENTATIONS = YES;
				CLANG_WARN_DIRECT_OBJC_ISA_USAGE = YES_ERROR;
				CLANG_WARN_DOCUMENTATION_COMMENTS = YES;
				CLANG_WARN_EMPTY_BODY = YES;
				CLANG_WARN_ENUM_CONVERSION = YES;
				CLANG_WARN_INFINITE_RECURSION = YES;
				CLANG_WARN_INT_CONVERSION = YES;
				CLANG_WARN_NON_LITERAL_NULL_CONVERSION = YES;
				CLANG_WARN_OBJC_IMPLICIT_RETAIN_SELF = YES;
				CLANG_WARN_OBJC_LITERAL_CONVERSION = YES;
				CLANG_WARN_OBJC_ROOT_CLASS = YES_ERROR;
				CLANG_WARN_QUOTED_INCLUDE_IN_FRAMEWORK_HEADER = YES;
				CLANG_WARN_RANGE_LOOP_ANALYSIS = YES;
				CLANG_WARN_STRICT_PROTOTYPES = YES;
				CLANG_WARN_SUSPICIOUS_MOVE = YES;
				CLANG_WARN_UNGUARDED_AVAILABILITY = YES_AGGRESSIVE;
				CLANG_WARN_UNREACHABLE_CODE = YES;
				CLANG_WARN__DUPLICATE_METHOD_MATCH = YES;
				COPY_PHASE_STRIP = NO;
				DEAD_CODE_STRIPPING = YES;
				DEBUG_INFORMATION_FORMAT = "dwarf-with-dsym";
				ENABLE_NS_ASSERTIONS = NO;
				ENABLE_STRICT_OBJC_MSGSEND = YES;
				ENABLE_USER_SCRIPT_SANDBOXING = YES;
				GCC_C_LANGUAGE_STANDARD = gnu17;
				GCC_NO_COMMON_BLOCKS = YES;
				GCC_WARN_64_TO_32_BIT_CONVERSION = YES;
				GCC_WARN_ABOUT_RETURN_TYPE = YES_ERROR;
				GCC_WARN_UNDECLARED_SELECTOR = YES;
				GCC_WARN_UNINITIALIZED_AUTOS = YES_AGGRESSIVE;
				GCC_WARN_UNUSED_FUNCTION = YES;
				GCC_WARN_UNUSED_VARIABLE = YES;
				LOCALIZATION_PREFERS_STRING_CATALOGS = YES;
				MTL_ENABLE_DEBUG_INFO = NO;
				MTL_FAST_MATH = YES;
				SWIFT_COMPILATION_MODE = wholemodule;
			};
			name = Release;
		};
		38F8932C2AAD544E008414D9 /* Debug */ = {
			isa = XCBuildConfiguration;
			buildSettings = {
				ASSETCATALOG_COMPILER_APPICON_NAME = AppIcon;
				ASSETCATALOG_COMPILER_GLOBAL_ACCENT_COLOR_NAME = AccentColor;
				CODE_SIGN_ENTITLEMENTS = PhotosProcessor/PhotosProcessor.entitlements;
				CODE_SIGN_STYLE = Automatic;
				CURRENT_PROJECT_VERSION = 1;
				DEAD_CODE_STRIPPING = YES;
				DEVELOPMENT_ASSET_PATHS = "\"PhotosProcessor/Preview Content\"";
				DEVELOPMENT_TEAM = 947UYU6LTQ;
				ENABLE_HARDENED_RUNTIME = YES;
				ENABLE_PREVIEWS = YES;
				GENERATE_INFOPLIST_FILE = YES;
				"INFOPLIST_KEY_UIApplicationSceneManifest_Generation[sdk=iphoneos*]" = YES;
				"INFOPLIST_KEY_UIApplicationSceneManifest_Generation[sdk=iphonesimulator*]" = YES;
				"INFOPLIST_KEY_UIApplicationSupportsIndirectInputEvents[sdk=iphoneos*]" = YES;
				"INFOPLIST_KEY_UIApplicationSupportsIndirectInputEvents[sdk=iphonesimulator*]" = YES;
				"INFOPLIST_KEY_UILaunchScreen_Generation[sdk=iphoneos*]" = YES;
				"INFOPLIST_KEY_UILaunchScreen_Generation[sdk=iphonesimulator*]" = YES;
				"INFOPLIST_KEY_UIStatusBarStyle[sdk=iphoneos*]" = UIStatusBarStyleDefault;
				"INFOPLIST_KEY_UIStatusBarStyle[sdk=iphonesimulator*]" = UIStatusBarStyleDefault;
				INFOPLIST_KEY_UISupportedInterfaceOrientations_iPad = "UIInterfaceOrientationPortrait UIInterfaceOrientationPortraitUpsideDown UIInterfaceOrientationLandscapeLeft UIInterfaceOrientationLandscapeRight";
				INFOPLIST_KEY_UISupportedInterfaceOrientations_iPhone = "UIInterfaceOrientationPortrait UIInterfaceOrientationLandscapeLeft UIInterfaceOrientationLandscapeRight";
				IPHONEOS_DEPLOYMENT_TARGET = 17.0;
				LD_RUNPATH_SEARCH_PATHS = "@executable_path/Frameworks";
				"LD_RUNPATH_SEARCH_PATHS[sdk=macosx*]" = "@executable_path/../Frameworks";
				MACOSX_DEPLOYMENT_TARGET = 13.0;
				MARKETING_VERSION = 1.0;
				PRODUCT_BUNDLE_IDENTIFIER = "org.wibus-wee.PhotosProcessor";
				PRODUCT_NAME = "$(TARGET_NAME)";
				SDKROOT = auto;
				SUPPORTED_PLATFORMS = "iphoneos iphonesimulator macosx";
				SWIFT_EMIT_LOC_STRINGS = YES;
				SWIFT_VERSION = 5.0;
				TARGETED_DEVICE_FAMILY = "1,2";
			};
			name = Debug;
		};
		38F8932D2AAD544E008414D9 /* Release */ = {
			isa = XCBuildConfiguration;
			buildSettings = {
				ASSETCATALOG_COMPILER_APPICON_NAME = AppIcon;
				ASSETCATALOG_COMPILER_GLOBAL_ACCENT_COLOR_NAME = AccentColor;
				CODE_SIGN_ENTITLEMENTS = PhotosProcessor/PhotosProcessor.entitlements;
				CODE_SIGN_STYLE = Automatic;
				CURRENT_PROJECT_VERSION = 1;
				DEAD_CODE_STRIPPING = YES;
				DEVELOPMENT_ASSET_PATHS = "\"PhotosProcessor/Preview Content\"";
				DEVELOPMENT_TEAM = 947UYU6LTQ;
				ENABLE_HARDENED_RUNTIME = YES;
				ENABLE_PREVIEWS = YES;
				GENERATE_INFOPLIST_FILE = YES;
				"INFOPLIST_KEY_UIApplicationSceneManifest_Generation[sdk=iphoneos*]" = YES;
				"INFOPLIST_KEY_UIApplicationSceneManifest_Generation[sdk=iphonesimulator*]" = YES;
				"INFOPLIST_KEY_UIApplicationSupportsIndirectInputEvents[sdk=iphoneos*]" = YES;
				"INFOPLIST_KEY_UIApplicationSupportsIndirectInputEvents[sdk=iphonesimulator*]" = YES;
				"INFOPLIST_KEY_UILaunchScreen_Generation[sdk=iphoneos*]" = YES;
				"INFOPLIST_KEY_UILaunchScreen_Generation[sdk=iphonesimulator*]" = YES;
				"INFOPLIST_KEY_UIStatusBarStyle[sdk=iphoneos*]" = UIStatusBarStyleDefault;
				"INFOPLIST_KEY_UIStatusBarStyle[sdk=iphonesimulator*]" = UIStatusBarStyleDefault;
				INFOPLIST_KEY_UISupportedInterfaceOrientations_iPad = "UIInterfaceOrientationPortrait UIInterfaceOrientationPortraitUpsideDown UIInterfaceOrientationLandscapeLeft UIInterfaceOrientationLandscapeRight";
				INFOPLIST_KEY_UISupportedInterfaceOrientations_iPhone = "UIInterfaceOrientationPortrait UIInterfaceOrientationLandscapeLeft UIInterfaceOrientationLandscapeRight";
				IPHONEOS_DEPLOYMENT_TARGET = 17.0;
				LD_RUNPATH_SEARCH_PATHS = "@executable_path/Frameworks";
				"LD_RUNPATH_SEARCH_PATHS[sdk=macosx*]" = "@executable_path/../Frameworks";
				MACOSX_DEPLOYMENT_TARGET = 13.0;
				MARKETING_VERSION = 1.0;
				PRODUCT_BUNDLE_IDENTIFIER = "org.wibus-wee.PhotosProcessor";
				PRODUCT_NAME = "$(TARGET_NAME)";
				SDKROOT = auto;
				SUPPORTED_PLATFORMS = "iphoneos iphonesimulator macosx";
				SWIFT_EMIT_LOC_STRINGS = YES;
				SWIFT_VERSION = 5.0;
				TARGETED_DEVICE_FAMILY = "1,2";
			};
			name = Release;
		};
/* End XCBuildConfiguration section */

/* Begin XCConfigurationList section */
		38F893172AAD544D008414D9 /* Build configuration list for PBXProject "PhotosProcessor" */ = {
			isa = XCConfigurationList;
			buildConfigurations = (
				38F893292AAD544E008414D9 /* Debug */,
				38F8932A2AAD544E008414D9 /* Release */,
			);
			defaultConfigurationIsVisible = 0;
			defaultConfigurationName = Release;
		};
		38F8932B2AAD544E008414D9 /* Build configuration list for PBXNativeTarget "PhotosProcessor" */ = {
			isa = XCConfigurationList;
			buildConfigurations = (
				38F8932C2AAD544E008414D9 /* Debug */,
				38F8932D2AAD544E008414D9 /* Release */,
			);
			defaultConfigurationIsVisible = 0;
			defaultConfigurationName = Release;
		};
/* End XCConfigurationList section */
	};
	rootObject = 38F893142AAD544D008414D9 /* Project object */;
}
